
Microsoft Visual Studio Solution File, Format Version 12.00
# Visual Studio Version 16
VisualStudioVersion = 16.0.32002.261
MinimumVisualStudioVersion = 10.0.40219.1
Project("{9A19103F-16F7-4668-BE54-9A1E7A4F7556}") = "ConsoleApp", "ConsoleApp1\ConsoleApp.csproj", "{7D8AFAFE-C19F-4E4E-AEA0-F9BAC32375FB}"
EndProject
Project("{9A19103F-16F7-4668-BE54-9A1E7A4F7556}") = "ConsoleAppTests", "Johnny_Leetcode_ConsoleAppTests\ConsoleAppTests.csproj", "{BB0136BA-A322-4D50-8D13-6D9ED5038C14}"
EndProject
Global
	GlobalSection(SolutionConfigurationPlatforms) = preSolution
		Debug|Any CPU = Debug|Any CPU
		Debug|ARM = Debug|ARM
		Debug|ARM64 = Debug|ARM64
		Debug|x64 = Debug|x64
		Debug|x86 = Debug|x86
		Release|Any CPU = Release|Any CPU
		Release|ARM = Release|ARM
		Release|ARM64 = Release|ARM64
		Release|x64 = Release|x64
		Release|x86 = Release|x86
	EndGlobalSection
	GlobalSection(ProjectConfigurationPlatforms) = postSolution
		{7D8AFAFE-C19F-4E4E-AEA0-F9BAC32375FB}.Debug|Any CPU.ActiveCfg = Debug|Any CPU
		{7D8AFAFE-C19F-4E4E-AEA0-F9BAC32375FB}.Debug|Any CPU.Build.0 = Debug|Any CPU
		{7D8AFAFE-C19F-4E4E-AEA0-F9BAC32375FB}.Debug|ARM.ActiveCfg = Debug|Any CPU
		{7D8AFAFE-C19F-4E4E-AEA0-F9BAC32375FB}.Debug|ARM.Build.0 = Debug|Any CPU
		{7D8AFAFE-C19F-4E4E-AEA0-F9BAC32375FB}.Debug|ARM64.ActiveCfg = Debug|Any CPU
		{7D8AFAFE-C19F-4E4E-AEA0-F9BAC32375FB}.Debug|ARM64.Build.0 = Debug|Any CPU
		{7D8AFAFE-C19F-4E4E-AEA0-F9BAC32375FB}.Debug|x64.ActiveCfg = Debug|Any CPU
		{7D8AFAFE-C19F-4E4E-AEA0-F9BAC32375FB}.Debug|x64.Build.0 = Debug|Any CPU
		{7D8AFAFE-C19F-4E4E-AEA0-F9BAC32375FB}.Debug|x86.ActiveCfg = Debug|Any CPU
		{7D8AFAFE-C19F-4E4E-AEA0-F9BAC32375FB}.Debug|x86.Build.0 = Debug|Any CPU
		{7D8AFAFE-C19F-4E4E-AEA0-F9BAC32375FB}.Release|Any CPU.ActiveCfg = Release|Any CPU
		{7D8AFAFE-C19F-4E4E-AEA0-F9BAC32375FB}.Release|Any CPU.Build.0 = Release|Any CPU
		{7D8AFAFE-C19F-4E4E-AEA0-F9BAC32375FB}.Release|ARM.ActiveCfg = Release|Any CPU
		{7D8AFAFE-C19F-4E4E-AEA0-F9BAC32375FB}.Release|ARM.Build.0 = Release|Any CPU
		{7D8AFAFE-C19F-4E4E-AEA0-F9BAC32375FB}.Release|ARM64.ActiveCfg = Release|Any CPU
		{7D8AFAFE-C19F-4E4E-AEA0-F9BAC32375FB}.Release|ARM64.Build.0 = Release|Any CPU
		{7D8AFAFE-C19F-4E4E-AEA0-F9BAC32375FB}.Release|x64.ActiveCfg = Release|Any CPU
		{7D8AFAFE-C19F-4E4E-AEA0-F9BAC32375FB}.Release|x64.Build.0 = Release|Any CPU
		{7D8AFAFE-C19F-4E4E-AEA0-F9BAC32375FB}.Release|x86.ActiveCfg = Release|Any CPU
		{7D8AFAFE-C19F-4E4E-AEA0-F9BAC32375FB}.Release|x86.Build.0 = Release|Any CPU
		{BB0136BA-A322-4D50-8D13-6D9ED5038C14}.Debug|Any CPU.ActiveCfg = Debug|Any CPU
		{BB0136BA-A322-4D50-8D13-6D9ED5038C14}.Debug|Any CPU.Build.0 = Debug|Any CPU
		{BB0136BA-A322-4D50-8D13-6D9ED5038C14}.Debug|ARM.ActiveCfg = Debug|Any CPU
		{BB0136BA-A322-4D50-8D13-6D9ED5038C14}.Debug|ARM.Build.0 = Debug|Any CPU
		{BB0136BA-A322-4D50-8D13-6D9ED5038C14}.Debug|ARM64.ActiveCfg = Debug|Any CPU
		{BB0136BA-A322-4D50-8D13-6D9ED5038C14}.Debug|ARM64.Build.0 = Debug|Any CPU
		{BB0136BA-A322-4D50-8D13-6D9ED5038C14}.Debug|x64.ActiveCfg = Debug|Any CPU
		{BB0136BA-A322-4D50-8D13-6D9ED5038C14}.Debug|x64.Build.0 = Debug|Any CPU
		{BB0136BA-A322-4D50-8D13-6D9ED5038C14}.Debug|x86.ActiveCfg = Debug|Any CPU
		{BB0136BA-A322-4D50-8D13-6D9ED5038C14}.Debug|x86.Build.0 = Debug|Any CPU
		{BB0136BA-A322-4D50-8D13-6D9ED5038C14}.Release|Any CPU.ActiveCfg = Release|Any CPU
		{BB0136BA-A322-4D50-8D13-6D9ED5038C14}.Release|Any CPU.Build.0 = Release|Any CPU
		{BB0136BA-A322-4D50-8D13-6D9ED5038C14}.Release|ARM.ActiveCfg = Release|Any CPU
		{BB0136BA-A322-4D50-8D13-6D9ED5038C14}.Release|ARM.Build.0 = Release|Any CPU
		{BB0136BA-A322-4D50-8D13-6D9ED5038C14}.Release|ARM64.ActiveCfg = Release|Any CPU
		{BB0136BA-A322-4D50-8D13-6D9ED5038C14}.Release|ARM64.Build.0 = Release|Any CPU
		{BB0136BA-A322-4D50-8D13-6D9ED5038C14}.Release|x64.ActiveCfg = Release|Any CPU
		{BB0136BA-A322-4D50-8D13-6D9ED5038C14}.Release|x64.Build.0 = Release|Any CPU
		{BB0136BA-A322-4D50-8D13-6D9ED5038C14}.Release|x86.ActiveCfg = Release|Any CPU
		{BB0136BA-A322-4D50-8D13-6D9ED5038C14}.Release|x86.Build.0 = Release|Any CPU
	EndGlobalSection
	GlobalSection(SolutionProperties) = preSolution
		HideSolutionNode = FALSE
	EndGlobalSection
	GlobalSection(ExtensibilityGlobals) = postSolution
		SolutionGuid = {4ACA8E33-3674-4A1D-BCEC-D3510EB17A7D}
	EndGlobalSection
EndGlobal
